
Microsoft Visual Studio Solution File, Format Version 12.00
# Visual Studio Version 17
VisualStudioVersion = 17.8.34330.188
MinimumVisualStudioVersion = 10.0.40219.1
Project("{FAE04EC0-301F-11D3-BF4B-00C04F79EFBC}") = "CustomerManagementService", "CustomerManagementService.csproj", "{D18377DC-2AE4-4761-A3F9-C13E974C9269}"
EndProject
Global
	GlobalSection(SolutionConfigurationPlatforms) = preSolution
		Debug|Any CPU = Debug|Any CPU
		Release|Any CPU = Release|Any CPU
	EndGlobalSection
	GlobalSection(ProjectConfigurationPlatforms) = postSolution
		{D18377DC-2AE4-4761-A3F9-C13E974C9269}.Debug|Any CPU.ActiveCfg = Debug|Any CPU
		{D18377DC-2AE4-4761-A3F9-C13E974C9269}.Debug|Any CPU.Build.0 = Debug|Any CPU
		{D18377DC-2AE4-4761-A3F9-C13E974C9269}.Release|Any CPU.ActiveCfg = Release|Any CPU
		{D18377DC-2AE4-4761-A3F9-C13E974C9269}.Release|Any CPU.Build.0 = Release|Any CPU
	EndGlobalSection
	GlobalSection(SolutionProperties) = preSolution
		HideSolutionNode = FALSE
	EndGlobalSection
	GlobalSection(ExtensibilityGlobals) = postSolution
		SolutionGuid = {5934B1C0-D644-4361-BF08-271AA0AB974A}
	EndGlobalSection
EndGlobal
